// !$*UTF8*$!
{
	archiveVersion = 1;
	classes = {
	};
	objectVersion = 56;
	objects = {

/* Begin PBXBuildFile section */
		7AE993162C134E6900BFEC1C /* MealRecipesApp.swift in Sources */ = {isa = PBXBuildFile; fileRef = 7AE993152C134E6900BFEC1C /* MealRecipesApp.swift */; };
		7AE993182C134E6900BFEC1C /* ContentView.swift in Sources */ = {isa = PBXBuildFile; fileRef = 7AE993172C134E6900BFEC1C /* ContentView.swift */; };
		7AE9931A2C134E6900BFEC1C /* Item.swift in Sources */ = {isa = PBXBuildFile; fileRef = 7AE993192C134E6900BFEC1C /* Item.swift */; };
		7AE9931C2C134E6A00BFEC1C /* Assets.xcassets in Resources */ = {isa = PBXBuildFile; fileRef = 7AE9931B2C134E6A00BFEC1C /* Assets.xcassets */; };
		7AE9931F2C134E6A00BFEC1C /* Preview Assets.xcassets in Resources */ = {isa = PBXBuildFile; fileRef = 7AE9931E2C134E6A00BFEC1C /* Preview Assets.xcassets */; };
		7AE993292C134E6A00BFEC1C /* MealRecipesTests.swift in Sources */ = {isa = PBXBuildFile; fileRef = 7AE993282C134E6A00BFEC1C /* MealRecipesTests.swift */; };
		7AE993332C134E6A00BFEC1C /* MealRecipesUITests.swift in Sources */ = {isa = PBXBuildFile; fileRef = 7AE993322C134E6A00BFEC1C /* MealRecipesUITests.swift */; };
		7AE993352C134E6A00BFEC1C /* MealRecipesUITestsLaunchTests.swift in Sources */ = {isa = PBXBuildFile; fileRef = 7AE993342C134E6A00BFEC1C /* MealRecipesUITestsLaunchTests.swift */; };
/* End PBXBuildFile section */

/* Begin PBXContainerItemProxy section */
		7AE993252C134E6A00BFEC1C /* PBXContainerItemProxy */ = {
			isa = PBXContainerItemProxy;
			containerPortal = 7AE9930A2C134E6900BFEC1C /* Project object */;
			proxyType = 1;
			remoteGlobalIDString = 7AE993112C134E6900BFEC1C;
			remoteInfo = MealRecipes;
		};
		7AE9932F2C134E6A00BFEC1C /* PBXContainerItemProxy */ = {
			isa = PBXContainerItemProxy;
			containerPortal = 7AE9930A2C134E6900BFEC1C /* Project object */;
			proxyType = 1;
			remoteGlobalIDString = 7AE993112C134E6900BFEC1C;
			remoteInfo = MealRecipes;
		};
/* End PBXContainerItemProxy section */

/* Begin PBXFileReference section */
		7AE993122C134E6900BFEC1C /* MealRecipes.app */ = {isa = PBXFileReference; explicitFileType = wrapper.application; includeInIndex = 0; path = MealRecipes.app; sourceTree = BUILT_PRODUCTS_DIR; };
		7AE993152C134E6900BFEC1C /* MealRecipesApp.swift */ = {isa = PBXFileReference; lastKnownFileType = sourcecode.swift; path = MealRecipesApp.swift; sourceTree = "<group>"; };
		7AE993172C134E6900BFEC1C /* ContentView.swift */ = {isa = PBXFileReference; lastKnownFileType = sourcecode.swift; path = ContentView.swift; sourceTree = "<group>"; };
		7AE993192C134E6900BFEC1C /* Item.swift */ = {isa = PBXFileReference; lastKnownFileType = sourcecode.swift; path = Item.swift; sourceTree = "<group>"; };
		7AE9931B2C134E6A00BFEC1C /* Assets.xcassets */ = {isa = PBXFileReference; lastKnownFileType = folder.assetcatalog; path = Assets.xcassets; sourceTree = "<group>"; };
		7AE9931E2C134E6A00BFEC1C /* Preview Assets.xcassets */ = {isa = PBXFileReference; lastKnownFileType = folder.assetcatalog; path = "Preview Assets.xcassets"; sourceTree = "<group>"; };
		7AE993242C134E6A00BFEC1C /* MealRecipesTests.xctest */ = {isa = PBXFileReference; explicitFileType = wrapper.cfbundle; includeInIndex = 0; path = MealRecipesTests.xctest; sourceTree = BUILT_PRODUCTS_DIR; };
		7AE993282C134E6A00BFEC1C /* MealRecipesTests.swift */ = {isa = PBXFileReference; lastKnownFileType = sourcecode.swift; path = MealRecipesTests.swift; sourceTree = "<group>"; };
		7AE9932E2C134E6A00BFEC1C /* MealRecipesUITests.xctest */ = {isa = PBXFileReference; explicitFileType = wrapper.cfbundle; includeInIndex = 0; path = MealRecipesUITests.xctest; sourceTree = BUILT_PRODUCTS_DIR; };
		7AE993322C134E6A00BFEC1C /* MealRecipesUITests.swift */ = {isa = PBXFileReference; lastKnownFileType = sourcecode.swift; path = MealRecipesUITests.swift; sourceTree = "<group>"; };
		7AE993342C134E6A00BFEC1C /* MealRecipesUITestsLaunchTests.swift */ = {isa = PBXFileReference; lastKnownFileType = sourcecode.swift; path = MealRecipesUITestsLaunchTests.swift; sourceTree = "<group>"; };
/* End PBXFileReference section */

/* Begin PBXFrameworksBuildPhase section */
		7AE9930F2C134E6900BFEC1C /* Frameworks */ = {
			isa = PBXFrameworksBuildPhase;
			buildActionMask = 2147483647;
			files = (
			);
			runOnlyForDeploymentPostprocessing = 0;
		};
		7AE993212C134E6A00BFEC1C /* Frameworks */ = {
			isa = PBXFrameworksBuildPhase;
			buildActionMask = 2147483647;
			files = (
			);
			runOnlyForDeploymentPostprocessing = 0;
		};
		7AE9932B2C134E6A00BFEC1C /* Frameworks */ = {
			isa = PBXFrameworksBuildPhase;
			buildActionMask = 2147483647;
			files = (
			);
			runOnlyForDeploymentPostprocessing = 0;
		};
/* End PBXFrameworksBuildPhase section */

/* Begin PBXGroup section */
		7AE993092C134E6900BFEC1C = {
			isa = PBXGroup;
			children = (
				7AE993142C134E6900BFEC1C /* MealRecipes */,
				7AE993272C134E6A00BFEC1C /* MealRecipesTests */,
				7AE993312C134E6A00BFEC1C /* MealRecipesUITests */,
				7AE993132C134E6900BFEC1C /* Products */,
			);
			sourceTree = "<group>";
		};
		7AE993132C134E6900BFEC1C /* Products */ = {
			isa = PBXGroup;
			children = (
				7AE993122C134E6900BFEC1C /* MealRecipes.app */,
				7AE993242C134E6A00BFEC1C /* MealRecipesTests.xctest */,
				7AE9932E2C134E6A00BFEC1C /* MealRecipesUITests.xctest */,
			);
			name = Products;
			sourceTree = "<group>";
		};
		7AE993142C134E6900BFEC1C /* MealRecipes */ = {
			isa = PBXGroup;
			children = (
				7AE993152C134E6900BFEC1C /* MealRecipesApp.swift */,
				7AE993172C134E6900BFEC1C /* ContentView.swift */,
				7AE993192C134E6900BFEC1C /* Item.swift */,
				7AE9931B2C134E6A00BFEC1C /* Assets.xcassets */,
				7AE9931D2C134E6A00BFEC1C /* Preview Content */,
			);
			path = MealRecipes;
			sourceTree = "<group>";
		};
		7AE9931D2C134E6A00BFEC1C /* Preview Content */ = {
			isa = PBXGroup;
			children = (
				7AE9931E2C134E6A00BFEC1C /* Preview Assets.xcassets */,
			);
			path = "Preview Content";
			sourceTree = "<group>";
		};
		7AE993272C134E6A00BFEC1C /* MealRecipesTests */ = {
			isa = PBXGroup;
			children = (
				7AE993282C134E6A00BFEC1C /* MealRecipesTests.swift */,
			);
			path = MealRecipesTests;
			sourceTree = "<group>";
		};
		7AE993312C134E6A00BFEC1C /* MealRecipesUITests */ = {
			isa = PBXGroup;
			children = (
				7AE993322C134E6A00BFEC1C /* MealRecipesUITests.swift */,
				7AE993342C134E6A00BFEC1C /* MealRecipesUITestsLaunchTests.swift */,
			);
			path = MealRecipesUITests;
			sourceTree = "<group>";
		};
/* End PBXGroup section */

/* Begin PBXNativeTarget section */
		7AE993112C134E6900BFEC1C /* MealRecipes */ = {
			isa = PBXNativeTarget;
			buildConfigurationList = 7AE993382C134E6A00BFEC1C /* Build configuration list for PBXNativeTarget "MealRecipes" */;
			buildPhases = (
				7AE9930E2C134E6900BFEC1C /* Sources */,
				7AE9930F2C134E6900BFEC1C /* Frameworks */,
				7AE993102C134E6900BFEC1C /* Resources */,
			);
			buildRules = (
			);
			dependencies = (
			);
			name = MealRecipes;
			productName = MealRecipes;
			productReference = 7AE993122C134E6900BFEC1C /* MealRecipes.app */;
			productType = "com.apple.product-type.application";
		};
		7AE993232C134E6A00BFEC1C /* MealRecipesTests */ = {
			isa = PBXNativeTarget;
			buildConfigurationList = 7AE9933B2C134E6A00BFEC1C /* Build configuration list for PBXNativeTarget "MealRecipesTests" */;
			buildPhases = (
				7AE993202C134E6A00BFEC1C /* Sources */,
				7AE993212C134E6A00BFEC1C /* Frameworks */,
				7AE993222C134E6A00BFEC1C /* Resources */,
			);
			buildRules = (
			);
			dependencies = (
				7AE993262C134E6A00BFEC1C /* PBXTargetDependency */,
			);
			name = MealRecipesTests;
			productName = MealRecipesTests;
			productReference = 7AE993242C134E6A00BFEC1C /* MealRecipesTests.xctest */;
			productType = "com.apple.product-type.bundle.unit-test";
		};
		7AE9932D2C134E6A00BFEC1C /* MealRecipesUITests */ = {
			isa = PBXNativeTarget;
			buildConfigurationList = 7AE9933E2C134E6A00BFEC1C /* Build configuration list for PBXNativeTarget "MealRecipesUITests" */;
			buildPhases = (
				7AE9932A2C134E6A00BFEC1C /* Sources */,
				7AE9932B2C134E6A00BFEC1C /* Frameworks */,
				7AE9932C2C134E6A00BFEC1C /* Resources */,
			);
			buildRules = (
			);
			dependencies = (
				7AE993302C134E6A00BFEC1C /* PBXTargetDependency */,
			);
			name = MealRecipesUITests;
			productName = MealRecipesUITests;
			productReference = 7AE9932E2C134E6A00BFEC1C /* MealRecipesUITests.xctest */;
			productType = "com.apple.product-type.bundle.ui-testing";
		};
/* End PBXNativeTarget section */

/* Begin PBXProject section */
		7AE9930A2C134E6900BFEC1C /* Project object */ = {
			isa = PBXProject;
			attributes = {
				BuildIndependentTargetsInParallel = 1;
				LastSwiftUpdateCheck = 1540;
				LastUpgradeCheck = 1540;
				TargetAttributes = {
					7AE993112C134E6900BFEC1C = {
						CreatedOnToolsVersion = 15.4;
					};
					7AE993232C134E6A00BFEC1C = {
						CreatedOnToolsVersion = 15.4;
						TestTargetID = 7AE993112C134E6900BFEC1C;
					};
					7AE9932D2C134E6A00BFEC1C = {
						CreatedOnToolsVersion = 15.4;
						TestTargetID = 7AE993112C134E6900BFEC1C;
					};
				};
			};
			buildConfigurationList = 7AE9930D2C134E6900BFEC1C /* Build configuration list for PBXProject "MealRecipes" */;
			compatibilityVersion = "Xcode 14.0";
			developmentRegion = en;
			hasScannedForEncodings = 0;
			knownRegions = (
				en,
				Base,
			);
			mainGroup = 7AE993092C134E6900BFEC1C;
			productRefGroup = 7AE993132C134E6900BFEC1C /* Products */;
			projectDirPath = "";
			projectRoot = "";
			targets = (
				7AE993112C134E6900BFEC1C /* MealRecipes */,
				7AE993232C134E6A00BFEC1C /* MealRecipesTests */,
				7AE9932D2C134E6A00BFEC1C /* MealRecipesUITests */,
			);
		};
/* End PBXProject section */

/* Begin PBXResourcesBuildPhase section */
		7AE993102C134E6900BFEC1C /* Resources */ = {
			isa = PBXResourcesBuildPhase;
			buildActionMask = 2147483647;
			files = (
				7AE9931F2C134E6A00BFEC1C /* Preview Assets.xcassets in Resources */,
				7AE9931C2C134E6A00BFEC1C /* Assets.xcassets in Resources */,
			);
			runOnlyForDeploymentPostprocessing = 0;
		};
		7AE993222C134E6A00BFEC1C /* Resources */ = {
			isa = PBXResourcesBuildPhase;
			buildActionMask = 2147483647;
			files = (
			);
			runOnlyForDeploymentPostprocessing = 0;
		};
		7AE9932C2C134E6A00BFEC1C /* Resources */ = {
			isa = PBXResourcesBuildPhase;
			buildActionMask = 2147483647;
			files = (
			);
			runOnlyForDeploymentPostprocessing = 0;
		};
/* End PBXResourcesBuildPhase section */

/* Begin PBXSourcesBuildPhase section */
		7AE9930E2C134E6900BFEC1C /* Sources */ = {
			isa = PBXSourcesBuildPhase;
			buildActionMask = 2147483647;
			files = (
				7AE993182C134E6900BFEC1C /* ContentView.swift in Sources */,
				7AE9931A2C134E6900BFEC1C /* Item.swift in Sources */,
				7AE993162C134E6900BFEC1C /* MealRecipesApp.swift in Sources */,
			);
			runOnlyForDeploymentPostprocessing = 0;
		};
		7AE993202C134E6A00BFEC1C /* Sources */ = {
			isa = PBXSourcesBuildPhase;
			buildActionMask = 2147483647;
			files = (
				7AE993292C134E6A00BFEC1C /* MealRecipesTests.swift in Sources */,
			);
			runOnlyForDeploymentPostprocessing = 0;
		};
		7AE9932A2C134E6A00BFEC1C /* Sources */ = {
			isa = PBXSourcesBuildPhase;
			buildActionMask = 2147483647;
			files = (
				7AE993332C134E6A00BFEC1C /* MealRecipesUITests.swift in Sources */,
				7AE993352C134E6A00BFEC1C /* MealRecipesUITestsLaunchTests.swift in Sources */,
			);
			runOnlyForDeploymentPostprocessing = 0;
		};
/* End PBXSourcesBuildPhase section */

/* Begin PBXTargetDependency section */
		7AE993262C134E6A00BFEC1C /* PBXTargetDependency */ = {
			isa = PBXTargetDependency;
			target = 7AE993112C134E6900BFEC1C /* MealRecipes */;
			targetProxy = 7AE993252C134E6A00BFEC1C /* PBXContainerItemProxy */;
		};
		7AE993302C134E6A00BFEC1C /* PBXTargetDependency */ = {
			isa = PBXTargetDependency;
			target = 7AE993112C134E6900BFEC1C /* MealRecipes */;
			targetProxy = 7AE9932F2C134E6A00BFEC1C /* PBXContainerItemProxy */;
		};
/* End PBXTargetDependency section */

/* Begin XCBuildConfiguration section */
		7AE993362C134E6A00BFEC1C /* Debug */ = {
			isa = XCBuildConfiguration;
			buildSettings = {
				ALWAYS_SEARCH_USER_PATHS = NO;
				ASSETCATALOG_COMPILER_GENERATE_SWIFT_ASSET_SYMBOL_EXTENSIONS = YES;
				CLANG_ANALYZER_NONNULL = YES;
				CLANG_ANALYZER_NUMBER_OBJECT_CONVERSION = YES_AGGRESSIVE;
				CLANG_CXX_LANGUAGE_STANDARD = "gnu++20";
				CLANG_ENABLE_MODULES = YES;
				CLANG_ENABLE_OBJC_ARC = YES;
				CLANG_ENABLE_OBJC_WEAK = YES;
				CLANG_WARN_BLOCK_CAPTURE_AUTORELEASING = YES;
				CLANG_WARN_BOOL_CONVERSION = YES;
				CLANG_WARN_COMMA = YES;
				CLANG_WARN_CONSTANT_CONVERSION = YES;
				CLANG_WARN_DEPRECATED_OBJC_IMPLEMENTATIONS = YES;
				CLANG_WARN_DIRECT_OBJC_ISA_USAGE = YES_ERROR;
				CLANG_WARN_DOCUMENTATION_COMMENTS = YES;
				CLANG_WARN_EMPTY_BODY = YES;
				CLANG_WARN_ENUM_CONVERSION = YES;
				CLANG_WARN_INFINITE_RECURSION = YES;
				CLANG_WARN_INT_CONVERSION = YES;
				CLANG_WARN_NON_LITERAL_NULL_CONVERSION = YES;
				CLANG_WARN_OBJC_IMPLICIT_RETAIN_SELF = YES;
				CLANG_WARN_OBJC_LITERAL_CONVERSION = YES;
				CLANG_WARN_OBJC_ROOT_CLASS = YES_ERROR;
				CLANG_WARN_QUOTED_INCLUDE_IN_FRAMEWORK_HEADER = YES;
				CLANG_WARN_RANGE_LOOP_ANALYSIS = YES;
				CLANG_WARN_STRICT_PROTOTYPES = YES;
				CLANG_WARN_SUSPICIOUS_MOVE = YES;
				CLANG_WARN_UNGUARDED_AVAILABILITY = YES_AGGRESSIVE;
				CLANG_WARN_UNREACHABLE_CODE = YES;
				CLANG_WARN__DUPLICATE_METHOD_MATCH = YES;
				COPY_PHASE_STRIP = NO;
				DEBUG_INFORMATION_FORMAT = dwarf;
				ENABLE_STRICT_OBJC_MSGSEND = YES;
				ENABLE_TESTABILITY = YES;
				ENABLE_USER_SCRIPT_SANDBOXING = YES;
				GCC_C_LANGUAGE_STANDARD = gnu17;
				GCC_DYNAMIC_NO_PIC = NO;
				GCC_NO_COMMON_BLOCKS = YES;
				GCC_OPTIMIZATION_LEVEL = 0;
				GCC_PREPROCESSOR_DEFINITIONS = (
					"DEBUG=1",
					"$(inherited)",
				);
				GCC_WARN_64_TO_32_BIT_CONVERSION = YES;
				GCC_WARN_ABOUT_RETURN_TYPE = YES_ERROR;
				GCC_WARN_UNDECLARED_SELECTOR = YES;
				GCC_WARN_UNINITIALIZED_AUTOS = YES_AGGRESSIVE;
				GCC_WARN_UNUSED_FUNCTION = YES;
				GCC_WARN_UNUSED_VARIABLE = YES;
				IPHONEOS_DEPLOYMENT_TARGET = 17.5;
				LOCALIZATION_PREFERS_STRING_CATALOGS = YES;
				MTL_ENABLE_DEBUG_INFO = INCLUDE_SOURCE;
				MTL_FAST_MATH = YES;
				ONLY_ACTIVE_ARCH = YES;
				SDKROOT = iphoneos;
				SWIFT_ACTIVE_COMPILATION_CONDITIONS = "DEBUG $(inherited)";
				SWIFT_OPTIMIZATION_LEVEL = "-Onone";
			};
			name = Debug;
		};
		7AE993372C134E6A00BFEC1C /* Release */ = {
			isa = XCBuildConfiguration;
			buildSettings = {
				ALWAYS_SEARCH_USER_PATHS = NO;
				ASSETCATALOG_COMPILER_GENERATE_SWIFT_ASSET_SYMBOL_EXTENSIONS = YES;
				CLANG_ANALYZER_NONNULL = YES;
				CLANG_ANALYZER_NUMBER_OBJECT_CONVERSION = YES_AGGRESSIVE;
				CLANG_CXX_LANGUAGE_STANDARD = "gnu++20";
				CLANG_ENABLE_MODULES = YES;
				CLANG_ENABLE_OBJC_ARC = YES;
				CLANG_ENABLE_OBJC_WEAK = YES;
				CLANG_WARN_BLOCK_CAPTURE_AUTORELEASING = YES;
				CLANG_WARN_BOOL_CONVERSION = YES;
				CLANG_WARN_COMMA = YES;
				CLANG_WARN_CONSTANT_CONVERSION = YES;
				CLANG_WARN_DEPRECATED_OBJC_IMPLEMENTATIONS = YES;
				CLANG_WARN_DIRECT_OBJC_ISA_USAGE = YES_ERROR;
				CLANG_WARN_DOCUMENTATION_COMMENTS = YES;
				CLANG_WARN_EMPTY_BODY = YES;
				CLANG_WARN_ENUM_CONVERSION = YES;
				CLANG_WARN_INFINITE_RECURSION = YES;
				CLANG_WARN_INT_CONVERSION = YES;
				CLANG_WARN_NON_LITERAL_NULL_CONVERSION = YES;
				CLANG_WARN_OBJC_IMPLICIT_RETAIN_SELF = YES;
				CLANG_WARN_OBJC_LITERAL_CONVERSION = YES;
				CLANG_WARN_OBJC_ROOT_CLASS = YES_ERROR;
				CLANG_WARN_QUOTED_INCLUDE_IN_FRAMEWORK_HEADER = YES;
				CLANG_WARN_RANGE_LOOP_ANALYSIS = YES;
				CLANG_WARN_STRICT_PROTOTYPES = YES;
				CLANG_WARN_SUSPICIOUS_MOVE = YES;
				CLANG_WARN_UNGUARDED_AVAILABILITY = YES_AGGRESSIVE;
				CLANG_WARN_UNREACHABLE_CODE = YES;
				CLANG_WARN__DUPLICATE_METHOD_MATCH = YES;
				COPY_PHASE_STRIP = NO;
				DEBUG_INFORMATION_FORMAT = "dwarf-with-dsym";
				ENABLE_NS_ASSERTIONS = NO;
				ENABLE_STRICT_OBJC_MSGSEND = YES;
				ENABLE_USER_SCRIPT_SANDBOXING = YES;
				GCC_C_LANGUAGE_STANDARD = gnu17;
				GCC_NO_COMMON_BLOCKS = YES;
				GCC_WARN_64_TO_32_BIT_CONVERSION = YES;
				GCC_WARN_ABOUT_RETURN_TYPE = YES_ERROR;
				GCC_WARN_UNDECLARED_SELECTOR = YES;
				GCC_WARN_UNINITIALIZED_AUTOS = YES_AGGRESSIVE;
				GCC_WARN_UNUSED_FUNCTION = YES;
				GCC_WARN_UNUSED_VARIABLE = YES;
				IPHONEOS_DEPLOYMENT_TARGET = 17.5;
				LOCALIZATION_PREFERS_STRING_CATALOGS = YES;
				MTL_ENABLE_DEBUG_INFO = NO;
				MTL_FAST_MATH = YES;
				SDKROOT = iphoneos;
				SWIFT_COMPILATION_MODE = wholemodule;
				VALIDATE_PRODUCT = YES;
			};
			name = Release;
		};
		7AE993392C134E6A00BFEC1C /* Debug */ = {
			isa = XCBuildConfiguration;
			buildSettings = {
				ASSETCATALOG_COMPILER_APPICON_NAME = AppIcon;
				ASSETCATALOG_COMPILER_GLOBAL_ACCENT_COLOR_NAME = AccentColor;
				CODE_SIGN_STYLE = Automatic;
				CURRENT_PROJECT_VERSION = 1;
				DEVELOPMENT_ASSET_PATHS = "\"MealRecipes/Preview Content\"";
				DEVELOPMENT_TEAM = 3K7H9394Z5;
				ENABLE_PREVIEWS = YES;
				GENERATE_INFOPLIST_FILE = YES;
				INFOPLIST_KEY_UIApplicationSceneManifest_Generation = YES;
				INFOPLIST_KEY_UIApplicationSupportsIndirectInputEvents = YES;
				INFOPLIST_KEY_UILaunchScreen_Generation = YES;
				INFOPLIST_KEY_UISupportedInterfaceOrientations_iPad = "UIInterfaceOrientationPortrait UIInterfaceOrientationPortraitUpsideDown UIInterfaceOrientationLandscapeLeft UIInterfaceOrientationLandscapeRight";
				INFOPLIST_KEY_UISupportedInterfaceOrientations_iPhone = "UIInterfaceOrientationPortrait UIInterfaceOrientationLandscapeLeft UIInterfaceOrientationLandscapeRight";
				LD_RUNPATH_SEARCH_PATHS = (
					"$(inherited)",
					"@executable_path/Frameworks",
				);
				MARKETING_VERSION = 1.0;
				PRODUCT_BUNDLE_IDENTIFIER = com.scottsmithdev.MealRecipes;
				PRODUCT_NAME = "$(TARGET_NAME)";
				SWIFT_EMIT_LOC_STRINGS = YES;
				SWIFT_VERSION = 5.0;
				TARGETED_DEVICE_FAMILY = "1,2";
			};
			name = Debug;
		};
		7AE9933A2C134E6A00BFEC1C /* Release */ = {
			isa = XCBuildConfiguration;
			buildSettings = {
				ASSETCATALOG_COMPILER_APPICON_NAME = AppIcon;
				ASSETCATALOG_COMPILER_GLOBAL_ACCENT_COLOR_NAME = AccentColor;
				CODE_SIGN_STYLE = Automatic;
				CURRENT_PROJECT_VERSION = 1;
				DEVELOPMENT_ASSET_PATHS = "\"MealRecipes/Preview Content\"";
				DEVELOPMENT_TEAM = 3K7H9394Z5;
				ENABLE_PREVIEWS = YES;
				GENERATE_INFOPLIST_FILE = YES;
				INFOPLIST_KEY_UIApplicationSceneManifest_Generation = YES;
				INFOPLIST_KEY_UIApplicationSupportsIndirectInputEvents = YES;
				INFOPLIST_KEY_UILaunchScreen_Generation = YES;
				INFOPLIST_KEY_UISupportedInterfaceOrientations_iPad = "UIInterfaceOrientationPortrait UIInterfaceOrientationPortraitUpsideDown UIInterfaceOrientationLandscapeLeft UIInterfaceOrientationLandscapeRight";
				INFOPLIST_KEY_UISupportedInterfaceOrientations_iPhone = "UIInterfaceOrientationPortrait UIInterfaceOrientationLandscapeLeft UIInterfaceOrientationLandscapeRight";
				LD_RUNPATH_SEARCH_PATHS = (
					"$(inherited)",
					"@executable_path/Frameworks",
				);
				MARKETING_VERSION = 1.0;
				PRODUCT_BUNDLE_IDENTIFIER = com.scottsmithdev.MealRecipes;
				PRODUCT_NAME = "$(TARGET_NAME)";
				SWIFT_EMIT_LOC_STRINGS = YES;
				SWIFT_VERSION = 5.0;
				TARGETED_DEVICE_FAMILY = "1,2";
			};
			name = Release;
		};
		7AE9933C2C134E6A00BFEC1C /* Debug */ = {
			isa = XCBuildConfiguration;
			buildSettings = {
				ALWAYS_EMBED_SWIFT_STANDARD_LIBRARIES = YES;
				BUNDLE_LOADER = "$(TEST_HOST)";
				CODE_SIGN_STYLE = Automatic;
				CURRENT_PROJECT_VERSION = 1;
				DEVELOPMENT_TEAM = 3K7H9394Z5;
				GENERATE_INFOPLIST_FILE = YES;
				IPHONEOS_DEPLOYMENT_TARGET = 17.5;
				MARKETING_VERSION = 1.0;
				PRODUCT_BUNDLE_IDENTIFIER = com.scottsmithdev.MealRecipesTests;
				PRODUCT_NAME = "$(TARGET_NAME)";
				SWIFT_EMIT_LOC_STRINGS = NO;
				SWIFT_VERSION = 5.0;
				TARGETED_DEVICE_FAMILY = "1,2";
				TEST_HOST = "$(BUILT_PRODUCTS_DIR)/MealRecipes.app/$(BUNDLE_EXECUTABLE_FOLDER_PATH)/MealRecipes";
			};
			name = Debug;
		};
		7AE9933D2C134E6A00BFEC1C /* Release */ = {
			isa = XCBuildConfiguration;
			buildSettings = {
				ALWAYS_EMBED_SWIFT_STANDARD_LIBRARIES = YES;
				BUNDLE_LOADER = "$(TEST_HOST)";
				CODE_SIGN_STYLE = Automatic;
				CURRENT_PROJECT_VERSION = 1;
				DEVELOPMENT_TEAM = 3K7H9394Z5;
				GENERATE_INFOPLIST_FILE = YES;
				IPHONEOS_DEPLOYMENT_TARGET = 17.5;
				MARKETING_VERSION = 1.0;
				PRODUCT_BUNDLE_IDENTIFIER = com.scottsmithdev.MealRecipesTests;
				PRODUCT_NAME = "$(TARGET_NAME)";
				SWIFT_EMIT_LOC_STRINGS = NO;
				SWIFT_VERSION = 5.0;
				TARGETED_DEVICE_FAMILY = "1,2";
				TEST_HOST = "$(BUILT_PRODUCTS_DIR)/MealRecipes.app/$(BUNDLE_EXECUTABLE_FOLDER_PATH)/MealRecipes";
			};
			name = Release;
		};
		7AE9933F2C134E6A00BFEC1C /* Debug */ = {
			isa = XCBuildConfiguration;
			buildSettings = {
				ALWAYS_EMBED_SWIFT_STANDARD_LIBRARIES = YES;
				CODE_SIGN_STYLE = Automatic;
				CURRENT_PROJECT_VERSION = 1;
				DEVELOPMENT_TEAM = 3K7H9394Z5;
				GENERATE_INFOPLIST_FILE = YES;
				MARKETING_VERSION = 1.0;
				PRODUCT_BUNDLE_IDENTIFIER = com.scottsmithdev.MealRecipesUITests;
				PRODUCT_NAME = "$(TARGET_NAME)";
				SWIFT_EMIT_LOC_STRINGS = NO;
				SWIFT_VERSION = 5.0;
				TARGETED_DEVICE_FAMILY = "1,2";
				TEST_TARGET_NAME = MealRecipes;
			};
			name = Debug;
		};
		7AE993402C134E6A00BFEC1C /* Release */ = {
			isa = XCBuildConfiguration;
			buildSettings = {
				ALWAYS_EMBED_SWIFT_STANDARD_LIBRARIES = YES;
				CODE_SIGN_STYLE = Automatic;
				CURRENT_PROJECT_VERSION = 1;
				DEVELOPMENT_TEAM = 3K7H9394Z5;
				GENERATE_INFOPLIST_FILE = YES;
				MARKETING_VERSION = 1.0;
				PRODUCT_BUNDLE_IDENTIFIER = com.scottsmithdev.MealRecipesUITests;
				PRODUCT_NAME = "$(TARGET_NAME)";
				SWIFT_EMIT_LOC_STRINGS = NO;
				SWIFT_VERSION = 5.0;
				TARGETED_DEVICE_FAMILY = "1,2";
				TEST_TARGET_NAME = MealRecipes;
			};
			name = Release;
		};
/* End XCBuildConfiguration section */

/* Begin XCConfigurationList section */
		7AE9930D2C134E6900BFEC1C /* Build configuration list for PBXProject "MealRecipes" */ = {
			isa = XCConfigurationList;
			buildConfigurations = (
				7AE993362C134E6A00BFEC1C /* Debug */,
				7AE993372C134E6A00BFEC1C /* Release */,
			);
			defaultConfigurationIsVisible = 0;
			defaultConfigurationName = Release;
		};
		7AE993382C134E6A00BFEC1C /* Build configuration list for PBXNativeTarget "MealRecipes" */ = {
			isa = XCConfigurationList;
			buildConfigurations = (
				7AE993392C134E6A00BFEC1C /* Debug */,
				7AE9933A2C134E6A00BFEC1C /* Release */,
			);
			defaultConfigurationIsVisible = 0;
			defaultConfigurationName = Release;
		};
		7AE9933B2C134E6A00BFEC1C /* Build configuration list for PBXNativeTarget "MealRecipesTests" */ = {
			isa = XCConfigurationList;
			buildConfigurations = (
				7AE9933C2C134E6A00BFEC1C /* Debug */,
				7AE9933D2C134E6A00BFEC1C /* Release */,
			);
			defaultConfigurationIsVisible = 0;
			defaultConfigurationName = Release;
		};
		7AE9933E2C134E6A00BFEC1C /* Build configuration list for PBXNativeTarget "MealRecipesUITests" */ = {
			isa = XCConfigurationList;
			buildConfigurations = (
				7AE9933F2C134E6A00BFEC1C /* Debug */,
				7AE993402C134E6A00BFEC1C /* Release */,
			);
			defaultConfigurationIsVisible = 0;
			defaultConfigurationName = Release;
		};
/* End XCConfigurationList section */
	};
	rootObject = 7AE9930A2C134E6900BFEC1C /* Project object */;
}
